
Microsoft Visual Studio Solution File, Format Version 12.00
# Visual Studio Version 17
VisualStudioVersion = 17.10.35013.160
MinimumVisualStudioVersion = 10.0.40219.1
Project("{FAE04EC0-301F-11D3-BF4B-00C04F79EFBC}") = "TMTask", "TMTask.csproj", "{971E0357-7D55-43E3-8E32-2859825D8679}"
EndProject
Global
	GlobalSection(SolutionConfigurationPlatforms) = preSolution
		Debug|Any CPU = Debug|Any CPU
		Release|Any CPU = Release|Any CPU
	EndGlobalSection
	GlobalSection(ProjectConfigurationPlatforms) = postSolution
		{971E0357-7D55-43E3-8E32-2859825D8679}.Debug|Any CPU.ActiveCfg = Debug|Any CPU
		{971E0357-7D55-43E3-8E32-2859825D8679}.Debug|Any CPU.Build.0 = Debug|Any CPU
		{971E0357-7D55-43E3-8E32-2859825D8679}.Release|Any CPU.ActiveCfg = Release|Any CPU
		{971E0357-7D55-43E3-8E32-2859825D8679}.Release|Any CPU.Build.0 = Release|Any CPU
	EndGlobalSection
	GlobalSection(SolutionProperties) = preSolution
		HideSolutionNode = FALSE
	EndGlobalSection
	GlobalSection(ExtensibilityGlobals) = postSolution
		SolutionGuid = {CBE6B8D2-9340-484A-BE57-3624C3FE5E45}
	EndGlobalSection
EndGlobal
